# Generated by buf. DO NOT EDIT.
version: v2
deps:
  - name: buf.build/bufbuild/protovalidate
    commit: 46a4cf4ba1094a34bcd89a6c67163b4b
    digest: b5:2076a950fdf4a8047064d55fd1d20ef21e6d745bf56e3edf557071abd4488ed48c9466d60831d8a03489dc1fcc8ceaa073d197411b59ecd873e28b1328034e0b
  - name: buf.build/googleapis/googleapis
    commit: f0e53af8f2fc4556b94f482688b57223
    digest: b5:24e758f963ee1bb3b5218eb452e0bdfb7a5449d9a77d174b8284b6368ccc1884213689381cdcd79e4231796c281c128ac1ae50825237b1774deb542bdc704b32
  - name: buf.build/pentops/auth
    commit: 7d9d1124114643ad9f6dfbdcd6a3d8ce
    digest: b5:870ce65e241f9711c9dd0b224ef8d9db0eb14bedc51673257da17f7dd92c8a648cdfc48a0efff99228b86d89375a457a555f941b1c7e1f77e0968c986d63d25a
  - name: buf.build/pentops/j5
    commit: 69a0e8239f434b37a715872d6d7a6edb
    digest: b5:77689587ff655f87d2caaa148758ba84783ac8569e3ec15747e3fc4989ddf608485b8d2bd4350901fd564dbeeb6432a068d2f0f41fed1edf87e1771af65040df
