# Generated by buf. DO NOT EDIT.
version: v1
deps:
  - remote: buf.build
    owner: bufbuild
    repository: protovalidate
    commit: 46a4cf4ba1094a34bcd89a6c67163b4b
    digest: shake256:436ce453801917c11bc7b21d66bcfae87da2aceb804a041487be1e51dc9fbc219e61ea6a552db7a7aa6d63bb5efd0f3ed5fe3d4c42d4f750d0eb35f14144e3b6
  - remote: buf.build
    owner: googleapis
    repository: googleapis
    commit: f0e53af8f2fc4556b94f482688b57223
    digest: shake256:de26a277fc28b8b411ecf58729d78d32fcf15090ffd998a4469225b17889bfb51442eaab04bb7a8d88d203ecdf0a9febd4ffd52c18ed1c2229160c7bd353ca95
  - remote: buf.build
    owner: pentops
    repository: auth
    commit: 7d9d1124114643ad9f6dfbdcd6a3d8ce
    digest: shake256:b0fa17ae84ec7146123b2047caa391078275abb017a8aa7c07691245a3efbf99988340e74f1fc6a10428d596b83f11c6fccfcf32acf479b84249b35443d13a4d
  - remote: buf.build
    owner: pentops
    repository: j5
    commit: 69a0e8239f434b37a715872d6d7a6edb
    digest: shake256:e8ba2cf949912caa578604536baa171d23e6bd7dc22d4775ae3384f8033b6595b3d0e99ab43b94c6e550573406564bcbc1a2107d70cb49c90b633c3303e598c8
  - remote: buf.build
    owner: pentops
    repository: listify
    commit: e55386703ee44dfbb774e997db21da03
    digest: shake256:612672146534c133e2c674b69d2c905132ddfa137ef1c8d17d748786dab629e586c418aaf83ebcf366aafc31d6bbf353d78014f659d61f53592683e80c847219
  - remote: buf.build
    owner: pentops
    repository: protostate
    commit: 8e41cf05ef4b4493a7c87001e91b0a47
    digest: shake256:8bd88d8d13f41bb236aa8f2754ad86ed1ff3ef5b4233f9e41f0807d42779289d8eabce591102cb6762ce3049f7a70a150f2b9d22b3832f2e79529751a7000aca
