# Generated by buf. DO NOT EDIT.
version: v1
deps:
  - remote: buf.build
    owner: bufbuild
    repository: protovalidate
    commit: a6c49f84cc0f4e038680d390392e2ab0
    digest: shake256:3deb629c655e469d87c58babcfbed403275a741fb4a269366c4fd6ea9db012cf562a1e64819508d73670c506f96d01f724c43bc97b44e2e02aa6e8bbdd160ab2
  - remote: buf.build
    owner: googleapis
    repository: googleapis
    commit: 2bbd25900cb34c79bae97d85c948d3cf
    digest: shake256:a6446e23f4408160217c22738a0c8c370ff3ff966f601d678960b803829cf53b5cf5998d20fcb3f9c9be944b24337843e7beb6e681ddbf9d036fb6491c0e47e7
  - remote: buf.build
    owner: pentops
    repository: auth
    commit: 7d9d1124114643ad9f6dfbdcd6a3d8ce
    digest: shake256:b0fa17ae84ec7146123b2047caa391078275abb017a8aa7c07691245a3efbf99988340e74f1fc6a10428d596b83f11c6fccfcf32acf479b84249b35443d13a4d
  - remote: buf.build
    owner: pentops
    repository: j5
    commit: 8e481d44a08a41e481de288dced31434
    digest: shake256:30780403d425529a2c6914757e73559c133b05dfd0d6344b601a5b16253d16a5a617af9b87b1eb3d1f1a12d0a0de37d36c593e1b6ec7f82a51cc35920b1f56a2
  - remote: buf.build
    owner: pentops
    repository: protostate
    commit: d8f53aa4942144b690b93b9afd4b7a2b
    digest: shake256:8ce76ef88e3355f155a3caeebf78b7010ec985b7cd3c28dd8c0d6fd1971848e65b6e6a58623ea06983c280f7fb789b7d255bdf3515420404df3287e275425aa4
