# Generated by buf. DO NOT EDIT.
version: v1
deps:
  - remote: buf.build
    owner: bufbuild
    repository: protovalidate
    commit: e097f827e65240ac9fd4b1158849a8fc
    digest: shake256:f19252436fd9ded945631e2ffaaed28247a92c9015ccf55ae99db9fb3d9600c4fdb00fd2d3bd7701026ec2fd4715c5129e6ae517c25a59ba690020cfe80bf8ad
  - remote: buf.build
    owner: googleapis
    repository: googleapis
    commit: a86849a25cc04f4dbe9b15ddddfbc488
    digest: shake256:e19143328f8cbfe13fc226aeee5e63773ca494693a72740a7560664270039a380d94a1344234b88c7691311460df9a9b1c2982190d0a2612eae80368718e1943
  - remote: buf.build
    owner: pentops
    repository: listify
    commit: 12f9f3ecae8d45c8bd5b1317ff75212c
    digest: shake256:cb181bb3547f4df550c1f2cd91d6f91cabfc3e28c643c42c9f3c9db9c8cd4bd9e23ff5c9951b2d310dbbfa5fcbc4d30c09becd6fd98581eafbc3733fdec24dd9
  - remote: buf.build
    owner: pentops
    repository: psm
    commit: cb5ab80a82ec4049a06e2f0cf3e1211c
    digest: shake256:d792576516ebe452449a3524171d9ec705cfec910ddd242d9683e5476955a9c750ebc26f675c1e649fd86394bf8a33c3720a7517b5a169c4f9eef12749cb1bed
