# Generated by buf. DO NOT EDIT.
version: v1
deps:
  - remote: buf.build
    owner: bufbuild
    repository: protovalidate
    commit: e097f827e65240ac9fd4b1158849a8fc
    digest: shake256:f19252436fd9ded945631e2ffaaed28247a92c9015ccf55ae99db9fb3d9600c4fdb00fd2d3bd7701026ec2fd4715c5129e6ae517c25a59ba690020cfe80bf8ad
  - remote: buf.build
    owner: googleapis
    repository: googleapis
    commit: b30c5775bfb3485d9da2e87b26590ac9
    digest: shake256:9d0caaf056949a0e1c883b9849d8a2fa66e22f18a2a48f867d1a8c700aa22abee50ad3ef0d8171637457cadc43c584998bdf3adac55da0f9e4614c72686b057d
  - remote: buf.build
    owner: pentops
    repository: listify
    commit: 12f9f3ecae8d45c8bd5b1317ff75212c
    digest: shake256:cb181bb3547f4df550c1f2cd91d6f91cabfc3e28c643c42c9f3c9db9c8cd4bd9e23ff5c9951b2d310dbbfa5fcbc4d30c09becd6fd98581eafbc3733fdec24dd9
  - remote: buf.build
    owner: pentops
    repository: psm
    commit: cb790d0f03474c7ba1c92d4c2d115b71
    digest: shake256:1df96d33cad876116597d78bc574422101931c611055601c51f3bcf9f91ae668c8342ab1b0c44f95121e38532d61f5081f6948823dead572592b45e093d9ba56
