# Generated by buf. DO NOT EDIT.
version: v1
deps:
  - remote: buf.build
    owner: bufbuild
    repository: protovalidate
    commit: e097f827e65240ac9fd4b1158849a8fc
    digest: shake256:f19252436fd9ded945631e2ffaaed28247a92c9015ccf55ae99db9fb3d9600c4fdb00fd2d3bd7701026ec2fd4715c5129e6ae517c25a59ba690020cfe80bf8ad
  - remote: buf.build
    owner: googleapis
    repository: googleapis
    commit: 7e6f6e774e29406da95bd61cdcdbc8bc
    digest: shake256:fe43dd2265ea0c07d76bd925eeba612667cf4c948d2ce53d6e367e1b4b3cb5fa69a51e6acb1a6a50d32f894f054a35e6c0406f6808a483f2752e10c866ffbf73
  - remote: buf.build
    owner: pentops
    repository: psm
    commit: 6fcd7b640c86474c87c45c979ff996a0
    digest: shake256:bb7aa492263aa37a06be250b034b4b9cd428d2453b228645634769f135db180e8baff4ecd922a88477e93ead93fe905c7bacd7b1dfeb052b8713a37a78e8418d
